
Microsoft Visual Studio Solution File, Format Version 12.00
# Visual Studio Version 16
VisualStudioVersion = 16.0.30717.126
MinimumVisualStudioVersion = 10.0.40219.1
Project("{9A19103F-16F7-4668-BE54-9A1E7A4F7556}") = "FoodVault.Modules.Storage.Domain", "Modules\Storage\Domain\FoodVault.Modules.Storage.Domain.csproj", "{61FD1E22-7FFD-4407-9FC3-4976545F090A}"
EndProject
Project("{9A19103F-16F7-4668-BE54-9A1E7A4F7556}") = "FoodVault.Modules.Storage.Infrastructure", "Modules\Storage\Infrastructure\FoodVault.Modules.Storage.Infrastructure.csproj", "{3CA57851-F3F5-4579-9239-B785F5E3F150}"
EndProject
Project("{9A19103F-16F7-4668-BE54-9A1E7A4F7556}") = "FoodVault.Modules.Storage.Application", "Modules\Storage\Application\FoodVault.Modules.Storage.Application.csproj", "{99DF98AF-AFDE-4A91-B59F-BB015984505F}"
EndProject
Project("{9A19103F-16F7-4668-BE54-9A1E7A4F7556}") = "FoodVault.Api", "Api\FoodVault.Api.csproj", "{D3407985-9C4D-4EAA-B071-D8519F1FD348}"
EndProject
Project("{9A19103F-16F7-4668-BE54-9A1E7A4F7556}") = "FoodVault.Modules.Storage.Tests.UnitTests", "Modules\Storage\Tests\UnitTests\FoodVault.Modules.Storage.Tests.UnitTests.csproj", "{7BAF47ED-560E-4831-844C-170776D45D52}"
EndProject
Project("{9A19103F-16F7-4668-BE54-9A1E7A4F7556}") = "FoodVault.Modules.Storage.Tests.IntegrationTests", "Modules\Storage\Tests\IntegrationTests\FoodVault.Modules.Storage.Tests.IntegrationTests.csproj", "{5FD8157A-6154-45A8-8E6D-70A0E22E2BAB}"
EndProject
Project("{2150E333-8FDC-42A3-9474-1A3956D46DE8}") = "_Solution Items", "_Solution Items", "{5094F806-C98F-43D3-9814-0BB615CA1C4B}"
	ProjectSection(SolutionItems) = preProject
		..\.gitignore = ..\.gitignore
		..\LICENSE = ..\LICENSE
		..\README.md = ..\README.md
	EndProjectSection
EndProject
Project("{2150E333-8FDC-42A3-9474-1A3956D46DE8}") = "Storage", "Storage", "{1FEBBD36-31A3-4FB8-B752-4E3DDE31EC9A}"
EndProject
Project("{9A19103F-16F7-4668-BE54-9A1E7A4F7556}") = "FoodVault.Framework.Domain", "Framework\Domain\FoodVault.Framework.Domain.csproj", "{78B67E77-76A6-473B-9925-7326329BE164}"
EndProject
Project("{2150E333-8FDC-42A3-9474-1A3956D46DE8}") = "Tests", "Tests", "{FDECADB0-E1ED-4269-983E-FE96FEB00957}"
EndProject
Project("{9A19103F-16F7-4668-BE54-9A1E7A4F7556}") = "FoodVault.Framework.Infrastructure", "Framework\Infrastructure\FoodVault.Framework.Infrastructure.csproj", "{31A3F57A-53C4-451A-987A-DD8DDC8C5FEA}"
EndProject
Project("{9A19103F-16F7-4668-BE54-9A1E7A4F7556}") = "FoodVault.Framework.Application", "Framework\Application\FoodVault.Framework.Application.csproj", "{DF50BF98-91A2-41ED-9F7C-842525F2B402}"
EndProject
Project("{2150E333-8FDC-42A3-9474-1A3956D46DE8}") = "Modules", "Modules", "{DE622AA2-CE6B-4574-92D3-DE6DACD2A290}"
EndProject
Project("{2150E333-8FDC-42A3-9474-1A3956D46DE8}") = "Framework", "Framework", "{E705D966-9DCE-42F6-A9EF-AE153F461C2D}"
EndProject
Project("{9A19103F-16F7-4668-BE54-9A1E7A4F7556}") = "FoodVault.Modules.Storage.Integration", "Modules\Storage\Integration\FoodVault.Modules.Storage.Integration.csproj", "{05AB8CA2-9D34-490F-9F68-69ED411760A6}"
EndProject
Project("{9A19103F-16F7-4668-BE54-9A1E7A4F7556}") = "FoodVault.Framework.EventBus", "Framework\EventBus\FoodVault.Framework.EventBus.csproj", "{4E35A973-F7AA-4961-9ED8-78963C1A8C89}"
EndProject
Project("{2150E333-8FDC-42A3-9474-1A3956D46DE8}") = "Tests", "Tests", "{EF4D7FFA-1341-414B-B50A-129D52BA14CD}"
EndProject
Project("{FAE04EC0-301F-11D3-BF4B-00C04F79EFBC}") = "FoodVault.Framework.UnitTests", "Framework\Tests\UnitTests\FoodVault.Framework.UnitTests.csproj", "{DDA3980D-0283-414C-AEE5-36D4A61D2C9F}"
EndProject
Project("{FAE04EC0-301F-11D3-BF4B-00C04F79EFBC}") = "FoodVault.Framework.IntegrationTests", "Framework\Tests\IntegrationTests\FoodVault.Framework.IntegrationTests.csproj", "{56136E88-147D-4A3A-BED2-EFF9E9B665FC}"
EndProject
Global
	GlobalSection(SolutionConfigurationPlatforms) = preSolution
		Debug|Any CPU = Debug|Any CPU
		Release|Any CPU = Release|Any CPU
	EndGlobalSection
	GlobalSection(ProjectConfigurationPlatforms) = postSolution
		{61FD1E22-7FFD-4407-9FC3-4976545F090A}.Debug|Any CPU.ActiveCfg = Debug|Any CPU
		{61FD1E22-7FFD-4407-9FC3-4976545F090A}.Debug|Any CPU.Build.0 = Debug|Any CPU
		{61FD1E22-7FFD-4407-9FC3-4976545F090A}.Release|Any CPU.ActiveCfg = Release|Any CPU
		{61FD1E22-7FFD-4407-9FC3-4976545F090A}.Release|Any CPU.Build.0 = Release|Any CPU
		{3CA57851-F3F5-4579-9239-B785F5E3F150}.Debug|Any CPU.ActiveCfg = Debug|Any CPU
		{3CA57851-F3F5-4579-9239-B785F5E3F150}.Debug|Any CPU.Build.0 = Debug|Any CPU
		{3CA57851-F3F5-4579-9239-B785F5E3F150}.Release|Any CPU.ActiveCfg = Release|Any CPU
		{3CA57851-F3F5-4579-9239-B785F5E3F150}.Release|Any CPU.Build.0 = Release|Any CPU
		{99DF98AF-AFDE-4A91-B59F-BB015984505F}.Debug|Any CPU.ActiveCfg = Debug|Any CPU
		{99DF98AF-AFDE-4A91-B59F-BB015984505F}.Debug|Any CPU.Build.0 = Debug|Any CPU
		{99DF98AF-AFDE-4A91-B59F-BB015984505F}.Release|Any CPU.ActiveCfg = Release|Any CPU
		{99DF98AF-AFDE-4A91-B59F-BB015984505F}.Release|Any CPU.Build.0 = Release|Any CPU
		{D3407985-9C4D-4EAA-B071-D8519F1FD348}.Debug|Any CPU.ActiveCfg = Debug|Any CPU
		{D3407985-9C4D-4EAA-B071-D8519F1FD348}.Debug|Any CPU.Build.0 = Debug|Any CPU
		{D3407985-9C4D-4EAA-B071-D8519F1FD348}.Release|Any CPU.ActiveCfg = Release|Any CPU
		{D3407985-9C4D-4EAA-B071-D8519F1FD348}.Release|Any CPU.Build.0 = Release|Any CPU
		{7BAF47ED-560E-4831-844C-170776D45D52}.Debug|Any CPU.ActiveCfg = Debug|Any CPU
		{7BAF47ED-560E-4831-844C-170776D45D52}.Debug|Any CPU.Build.0 = Debug|Any CPU
		{7BAF47ED-560E-4831-844C-170776D45D52}.Release|Any CPU.ActiveCfg = Release|Any CPU
		{7BAF47ED-560E-4831-844C-170776D45D52}.Release|Any CPU.Build.0 = Release|Any CPU
		{5FD8157A-6154-45A8-8E6D-70A0E22E2BAB}.Debug|Any CPU.ActiveCfg = Debug|Any CPU
		{5FD8157A-6154-45A8-8E6D-70A0E22E2BAB}.Debug|Any CPU.Build.0 = Debug|Any CPU
		{5FD8157A-6154-45A8-8E6D-70A0E22E2BAB}.Release|Any CPU.ActiveCfg = Release|Any CPU
		{5FD8157A-6154-45A8-8E6D-70A0E22E2BAB}.Release|Any CPU.Build.0 = Release|Any CPU
		{78B67E77-76A6-473B-9925-7326329BE164}.Debug|Any CPU.ActiveCfg = Debug|Any CPU
		{78B67E77-76A6-473B-9925-7326329BE164}.Debug|Any CPU.Build.0 = Debug|Any CPU
		{78B67E77-76A6-473B-9925-7326329BE164}.Release|Any CPU.ActiveCfg = Release|Any CPU
		{78B67E77-76A6-473B-9925-7326329BE164}.Release|Any CPU.Build.0 = Release|Any CPU
		{31A3F57A-53C4-451A-987A-DD8DDC8C5FEA}.Debug|Any CPU.ActiveCfg = Debug|Any CPU
		{31A3F57A-53C4-451A-987A-DD8DDC8C5FEA}.Debug|Any CPU.Build.0 = Debug|Any CPU
		{31A3F57A-53C4-451A-987A-DD8DDC8C5FEA}.Release|Any CPU.ActiveCfg = Release|Any CPU
		{31A3F57A-53C4-451A-987A-DD8DDC8C5FEA}.Release|Any CPU.Build.0 = Release|Any CPU
		{DF50BF98-91A2-41ED-9F7C-842525F2B402}.Debug|Any CPU.ActiveCfg = Debug|Any CPU
		{DF50BF98-91A2-41ED-9F7C-842525F2B402}.Debug|Any CPU.Build.0 = Debug|Any CPU
		{DF50BF98-91A2-41ED-9F7C-842525F2B402}.Release|Any CPU.ActiveCfg = Release|Any CPU
		{DF50BF98-91A2-41ED-9F7C-842525F2B402}.Release|Any CPU.Build.0 = Release|Any CPU
		{05AB8CA2-9D34-490F-9F68-69ED411760A6}.Debug|Any CPU.ActiveCfg = Debug|Any CPU
		{05AB8CA2-9D34-490F-9F68-69ED411760A6}.Debug|Any CPU.Build.0 = Debug|Any CPU
		{05AB8CA2-9D34-490F-9F68-69ED411760A6}.Release|Any CPU.ActiveCfg = Release|Any CPU
		{05AB8CA2-9D34-490F-9F68-69ED411760A6}.Release|Any CPU.Build.0 = Release|Any CPU
		{4E35A973-F7AA-4961-9ED8-78963C1A8C89}.Debug|Any CPU.ActiveCfg = Debug|Any CPU
		{4E35A973-F7AA-4961-9ED8-78963C1A8C89}.Debug|Any CPU.Build.0 = Debug|Any CPU
		{4E35A973-F7AA-4961-9ED8-78963C1A8C89}.Release|Any CPU.ActiveCfg = Release|Any CPU
		{4E35A973-F7AA-4961-9ED8-78963C1A8C89}.Release|Any CPU.Build.0 = Release|Any CPU
		{DDA3980D-0283-414C-AEE5-36D4A61D2C9F}.Debug|Any CPU.ActiveCfg = Debug|Any CPU
		{DDA3980D-0283-414C-AEE5-36D4A61D2C9F}.Debug|Any CPU.Build.0 = Debug|Any CPU
		{DDA3980D-0283-414C-AEE5-36D4A61D2C9F}.Release|Any CPU.ActiveCfg = Release|Any CPU
		{DDA3980D-0283-414C-AEE5-36D4A61D2C9F}.Release|Any CPU.Build.0 = Release|Any CPU
		{56136E88-147D-4A3A-BED2-EFF9E9B665FC}.Debug|Any CPU.ActiveCfg = Debug|Any CPU
		{56136E88-147D-4A3A-BED2-EFF9E9B665FC}.Debug|Any CPU.Build.0 = Debug|Any CPU
		{56136E88-147D-4A3A-BED2-EFF9E9B665FC}.Release|Any CPU.ActiveCfg = Release|Any CPU
		{56136E88-147D-4A3A-BED2-EFF9E9B665FC}.Release|Any CPU.Build.0 = Release|Any CPU
	EndGlobalSection
	GlobalSection(SolutionProperties) = preSolution
		HideSolutionNode = FALSE
	EndGlobalSection
	GlobalSection(NestedProjects) = preSolution
		{61FD1E22-7FFD-4407-9FC3-4976545F090A} = {1FEBBD36-31A3-4FB8-B752-4E3DDE31EC9A}
		{3CA57851-F3F5-4579-9239-B785F5E3F150} = {1FEBBD36-31A3-4FB8-B752-4E3DDE31EC9A}
		{99DF98AF-AFDE-4A91-B59F-BB015984505F} = {1FEBBD36-31A3-4FB8-B752-4E3DDE31EC9A}
		{7BAF47ED-560E-4831-844C-170776D45D52} = {FDECADB0-E1ED-4269-983E-FE96FEB00957}
		{5FD8157A-6154-45A8-8E6D-70A0E22E2BAB} = {FDECADB0-E1ED-4269-983E-FE96FEB00957}
		{1FEBBD36-31A3-4FB8-B752-4E3DDE31EC9A} = {DE622AA2-CE6B-4574-92D3-DE6DACD2A290}
		{78B67E77-76A6-473B-9925-7326329BE164} = {E705D966-9DCE-42F6-A9EF-AE153F461C2D}
		{FDECADB0-E1ED-4269-983E-FE96FEB00957} = {1FEBBD36-31A3-4FB8-B752-4E3DDE31EC9A}
		{31A3F57A-53C4-451A-987A-DD8DDC8C5FEA} = {E705D966-9DCE-42F6-A9EF-AE153F461C2D}
		{DF50BF98-91A2-41ED-9F7C-842525F2B402} = {E705D966-9DCE-42F6-A9EF-AE153F461C2D}
		{05AB8CA2-9D34-490F-9F68-69ED411760A6} = {1FEBBD36-31A3-4FB8-B752-4E3DDE31EC9A}
		{4E35A973-F7AA-4961-9ED8-78963C1A8C89} = {E705D966-9DCE-42F6-A9EF-AE153F461C2D}
		{EF4D7FFA-1341-414B-B50A-129D52BA14CD} = {E705D966-9DCE-42F6-A9EF-AE153F461C2D}
		{DDA3980D-0283-414C-AEE5-36D4A61D2C9F} = {EF4D7FFA-1341-414B-B50A-129D52BA14CD}
		{56136E88-147D-4A3A-BED2-EFF9E9B665FC} = {EF4D7FFA-1341-414B-B50A-129D52BA14CD}
	EndGlobalSection
	GlobalSection(ExtensibilityGlobals) = postSolution
		SolutionGuid = {F1DA681E-3677-45B7-8130-3B8CCC5E2BB4}
	EndGlobalSection
EndGlobal
